// !$*UTF8*$!
{
	archiveVersion = 1;
	classes = {
	};
	objectVersion = 50;
	objects = {

/* Begin PBXBuildFile section */
		EE6170F625D3F77E009D42F8 /* AppDelegate.swift in Sources */ = {isa = PBXBuildFile; fileRef = EE6170F525D3F77E009D42F8 /* AppDelegate.swift */; };
		EE6170FD25D3F77E009D42F8 /* Main.storyboard in Resources */ = {isa = PBXBuildFile; fileRef = EE6170FB25D3F77E009D42F8 /* Main.storyboard */; };
		EE61710225D3F77F009D42F8 /* LaunchScreen.storyboard in Resources */ = {isa = PBXBuildFile; fileRef = EE61710025D3F77F009D42F8 /* LaunchScreen.storyboard */; };
		EE61710D25D3F77F009D42F8 /* NBAppTests.swift in Sources */ = {isa = PBXBuildFile; fileRef = EE61710C25D3F77F009D42F8 /* NBAppTests.swift */; };
		EE61711825D3F77F009D42F8 /* NBAppUITests.swift in Sources */ = {isa = PBXBuildFile; fileRef = EE61711725D3F77F009D42F8 /* NBAppUITests.swift */; };
		EE61714E25D3F793009D42F8 /* TeamListViewModel.swift in Sources */ = {isa = PBXBuildFile; fileRef = EE61712A25D3F793009D42F8 /* TeamListViewModel.swift */; };
		EE61715025D3F793009D42F8 /* TeamModel.swift in Sources */ = {isa = PBXBuildFile; fileRef = EE61712D25D3F793009D42F8 /* TeamModel.swift */; };
		EE61715325D3F793009D42F8 /* TeamCell.xib in Resources */ = {isa = PBXBuildFile; fileRef = EE61713225D3F793009D42F8 /* TeamCell.xib */; };
		EE61715425D3F793009D42F8 /* TeamCell.swift in Sources */ = {isa = PBXBuildFile; fileRef = EE61713325D3F793009D42F8 /* TeamCell.swift */; };
		EE61715525D3F793009D42F8 /* CustomLabel.swift in Sources */ = {isa = PBXBuildFile; fileRef = EE61713525D3F793009D42F8 /* CustomLabel.swift */; };
		EE61715625D3F793009D42F8 /* TeamListViewController.swift in Sources */ = {isa = PBXBuildFile; fileRef = EE61713725D3F793009D42F8 /* TeamListViewController.swift */; };
		EE61715725D3F793009D42F8 /* TeamPlayersListViewController.swift in Sources */ = {isa = PBXBuildFile; fileRef = EE61713825D3F793009D42F8 /* TeamPlayersListViewController.swift */; };
		EE61715825D3F793009D42F8 /* GothamRounded-Medium.otf in Resources */ = {isa = PBXBuildFile; fileRef = EE61713A25D3F793009D42F8 /* GothamRounded-Medium.otf */; };
		EE61715925D3F793009D42F8 /* GothamRounded-Bold.otf in Resources */ = {isa = PBXBuildFile; fileRef = EE61713B25D3F793009D42F8 /* GothamRounded-Bold.otf */; };
		EE61715A25D3F793009D42F8 /* GothamRounded-Book.otf in Resources */ = {isa = PBXBuildFile; fileRef = EE61713C25D3F793009D42F8 /* GothamRounded-Book.otf */; };
		EE61715B25D3F793009D42F8 /* Constants.swift in Sources */ = {isa = PBXBuildFile; fileRef = EE61713E25D3F793009D42F8 /* Constants.swift */; };
		EE61715C25D3F793009D42F8 /* Utilities.swift in Sources */ = {isa = PBXBuildFile; fileRef = EE61713F25D3F793009D42F8 /* Utilities.swift */; };
		EE61715D25D3F793009D42F8 /* UIFontExtension.swift in Sources */ = {isa = PBXBuildFile; fileRef = EE61714125D3F793009D42F8 /* UIFontExtension.swift */; };
		EE61715E25D3F793009D42F8 /* CommonLabels.swift in Sources */ = {isa = PBXBuildFile; fileRef = EE61714325D3F793009D42F8 /* CommonLabels.swift */; };
		EE61715F25D3F793009D42F8 /* Reachability.swift in Sources */ = {isa = PBXBuildFile; fileRef = EE61714425D3F793009D42F8 /* Reachability.swift */; };
		EE61716025D3F793009D42F8 /* Placeholder.swift in Sources */ = {isa = PBXBuildFile; fileRef = EE61714625D3F793009D42F8 /* Placeholder.swift */; };
		EE61716125D3F793009D42F8 /* ThemeUtils.swift in Sources */ = {isa = PBXBuildFile; fileRef = EE61714725D3F793009D42F8 /* ThemeUtils.swift */; };
		EE61716225D3F793009D42F8 /* Utils.swift in Sources */ = {isa = PBXBuildFile; fileRef = EE61714825D3F793009D42F8 /* Utils.swift */; };
		EE61716325D3F793009D42F8 /* FontConvertible.swift in Sources */ = {isa = PBXBuildFile; fileRef = EE61714A25D3F793009D42F8 /* FontConvertible.swift */; };
		EE61716425D3F793009D42F8 /* Fonts.swift in Sources */ = {isa = PBXBuildFile; fileRef = EE61714B25D3F793009D42F8 /* Fonts.swift */; };
		EE61716525D3F793009D42F8 /* CustomFont.swift in Sources */ = {isa = PBXBuildFile; fileRef = EE61714C25D3F793009D42F8 /* CustomFont.swift */; };
		EE61717025D3F813009D42F8 /* Assets.xcassets in Resources */ = {isa = PBXBuildFile; fileRef = EE61716F25D3F813009D42F8 /* Assets.xcassets */; };
/* End PBXBuildFile section */

/* Begin PBXContainerItemProxy section */
		EE61710925D3F77F009D42F8 /* PBXContainerItemProxy */ = {
			isa = PBXContainerItemProxy;
			containerPortal = EE6170EA25D3F77E009D42F8 /* Project object */;
			proxyType = 1;
			remoteGlobalIDString = EE6170F125D3F77E009D42F8;
			remoteInfo = NBApp;
		};
		EE61711425D3F77F009D42F8 /* PBXContainerItemProxy */ = {
			isa = PBXContainerItemProxy;
			containerPortal = EE6170EA25D3F77E009D42F8 /* Project object */;
			proxyType = 1;
			remoteGlobalIDString = EE6170F125D3F77E009D42F8;
			remoteInfo = NBApp;
		};
/* End PBXContainerItemProxy section */

/* Begin PBXFileReference section */
		EE6170F225D3F77E009D42F8 /* NBApp.app */ = {isa = PBXFileReference; explicitFileType = wrapper.application; includeInIndex = 0; path = NBApp.app; sourceTree = BUILT_PRODUCTS_DIR; };
		EE6170F525D3F77E009D42F8 /* AppDelegate.swift */ = {isa = PBXFileReference; lastKnownFileType = sourcecode.swift; path = AppDelegate.swift; sourceTree = "<group>"; };
		EE6170FC25D3F77E009D42F8 /* Base */ = {isa = PBXFileReference; lastKnownFileType = file.storyboard; name = Base; path = Base.lproj/Main.storyboard; sourceTree = "<group>"; };
		EE61710125D3F77F009D42F8 /* Base */ = {isa = PBXFileReference; lastKnownFileType = file.storyboard; name = Base; path = Base.lproj/LaunchScreen.storyboard; sourceTree = "<group>"; };
		EE61710325D3F77F009D42F8 /* Info.plist */ = {isa = PBXFileReference; lastKnownFileType = text.plist.xml; path = Info.plist; sourceTree = "<group>"; };
		EE61710825D3F77F009D42F8 /* NBAppTests.xctest */ = {isa = PBXFileReference; explicitFileType = wrapper.cfbundle; includeInIndex = 0; path = NBAppTests.xctest; sourceTree = BUILT_PRODUCTS_DIR; };
		EE61710C25D3F77F009D42F8 /* NBAppTests.swift */ = {isa = PBXFileReference; lastKnownFileType = sourcecode.swift; path = NBAppTests.swift; sourceTree = "<group>"; };
		EE61710E25D3F77F009D42F8 /* Info.plist */ = {isa = PBXFileReference; lastKnownFileType = text.plist.xml; path = Info.plist; sourceTree = "<group>"; };
		EE61711325D3F77F009D42F8 /* NBAppUITests.xctest */ = {isa = PBXFileReference; explicitFileType = wrapper.cfbundle; includeInIndex = 0; path = NBAppUITests.xctest; sourceTree = BUILT_PRODUCTS_DIR; };
		EE61711725D3F77F009D42F8 /* NBAppUITests.swift */ = {isa = PBXFileReference; lastKnownFileType = sourcecode.swift; path = NBAppUITests.swift; sourceTree = "<group>"; };
		EE61711925D3F77F009D42F8 /* Info.plist */ = {isa = PBXFileReference; lastKnownFileType = text.plist.xml; path = Info.plist; sourceTree = "<group>"; };
		EE61712A25D3F793009D42F8 /* TeamListViewModel.swift */ = {isa = PBXFileReference; fileEncoding = 4; lastKnownFileType = sourcecode.swift; path = TeamListViewModel.swift; sourceTree = "<group>"; };
		EE61712D25D3F793009D42F8 /* TeamModel.swift */ = {isa = PBXFileReference; fileEncoding = 4; lastKnownFileType = sourcecode.swift; path = TeamModel.swift; sourceTree = "<group>"; };
		EE61713225D3F793009D42F8 /* TeamCell.xib */ = {isa = PBXFileReference; fileEncoding = 4; lastKnownFileType = file.xib; path = TeamCell.xib; sourceTree = "<group>"; };
		EE61713325D3F793009D42F8 /* TeamCell.swift */ = {isa = PBXFileReference; fileEncoding = 4; lastKnownFileType = sourcecode.swift; path = TeamCell.swift; sourceTree = "<group>"; };
		EE61713525D3F793009D42F8 /* CustomLabel.swift */ = {isa = PBXFileReference; fileEncoding = 4; lastKnownFileType = sourcecode.swift; path = CustomLabel.swift; sourceTree = "<group>"; };
		EE61713725D3F793009D42F8 /* TeamListViewController.swift */ = {isa = PBXFileReference; fileEncoding = 4; lastKnownFileType = sourcecode.swift; path = TeamListViewController.swift; sourceTree = "<group>"; };
		EE61713825D3F793009D42F8 /* TeamPlayersListViewController.swift */ = {isa = PBXFileReference; fileEncoding = 4; lastKnownFileType = sourcecode.swift; path = TeamPlayersListViewController.swift; sourceTree = "<group>"; };
		EE61713A25D3F793009D42F8 /* GothamRounded-Medium.otf */ = {isa = PBXFileReference; lastKnownFileType = file; path = "GothamRounded-Medium.otf"; sourceTree = "<group>"; };
		EE61713B25D3F793009D42F8 /* GothamRounded-Bold.otf */ = {isa = PBXFileReference; lastKnownFileType = file; path = "GothamRounded-Bold.otf"; sourceTree = "<group>"; };
		EE61713C25D3F793009D42F8 /* GothamRounded-Book.otf */ = {isa = PBXFileReference; lastKnownFileType = file; path = "GothamRounded-Book.otf"; sourceTree = "<group>"; };
		EE61713E25D3F793009D42F8 /* Constants.swift */ = {isa = PBXFileReference; fileEncoding = 4; lastKnownFileType = sourcecode.swift; path = Constants.swift; sourceTree = "<group>"; };
		EE61713F25D3F793009D42F8 /* Utilities.swift */ = {isa = PBXFileReference; fileEncoding = 4; lastKnownFileType = sourcecode.swift; path = Utilities.swift; sourceTree = "<group>"; };
		EE61714125D3F793009D42F8 /* UIFontExtension.swift */ = {isa = PBXFileReference; fileEncoding = 4; lastKnownFileType = sourcecode.swift; path = UIFontExtension.swift; sourceTree = "<group>"; };
		EE61714325D3F793009D42F8 /* CommonLabels.swift */ = {isa = PBXFileReference; fileEncoding = 4; lastKnownFileType = sourcecode.swift; path = CommonLabels.swift; sourceTree = "<group>"; };
		EE61714425D3F793009D42F8 /* Reachability.swift */ = {isa = PBXFileReference; fileEncoding = 4; lastKnownFileType = sourcecode.swift; path = Reachability.swift; sourceTree = "<group>"; };
		EE61714625D3F793009D42F8 /* Placeholder.swift */ = {isa = PBXFileReference; fileEncoding = 4; lastKnownFileType = sourcecode.swift; path = Placeholder.swift; sourceTree = "<group>"; };
		EE61714725D3F793009D42F8 /* ThemeUtils.swift */ = {isa = PBXFileReference; fileEncoding = 4; lastKnownFileType = sourcecode.swift; path = ThemeUtils.swift; sourceTree = "<group>"; };
		EE61714825D3F793009D42F8 /* Utils.swift */ = {isa = PBXFileReference; fileEncoding = 4; lastKnownFileType = sourcecode.swift; path = Utils.swift; sourceTree = "<group>"; };
		EE61714A25D3F793009D42F8 /* FontConvertible.swift */ = {isa = PBXFileReference; fileEncoding = 4; lastKnownFileType = sourcecode.swift; path = FontConvertible.swift; sourceTree = "<group>"; };
		EE61714B25D3F793009D42F8 /* Fonts.swift */ = {isa = PBXFileReference; fileEncoding = 4; lastKnownFileType = sourcecode.swift; path = Fonts.swift; sourceTree = "<group>"; };
		EE61714C25D3F793009D42F8 /* CustomFont.swift */ = {isa = PBXFileReference; fileEncoding = 4; lastKnownFileType = sourcecode.swift; path = CustomFont.swift; sourceTree = "<group>"; };
		EE61716F25D3F813009D42F8 /* Assets.xcassets */ = {isa = PBXFileReference; lastKnownFileType = folder.assetcatalog; path = Assets.xcassets; sourceTree = "<group>"; };
/* End PBXFileReference section */

/* Begin PBXFrameworksBuildPhase section */
		EE6170EF25D3F77E009D42F8 /* Frameworks */ = {
			isa = PBXFrameworksBuildPhase;
			buildActionMask = 2147483647;
			files = (
			);
			runOnlyForDeploymentPostprocessing = 0;
		};
		EE61710525D3F77F009D42F8 /* Frameworks */ = {
			isa = PBXFrameworksBuildPhase;
			buildActionMask = 2147483647;
			files = (
			);
			runOnlyForDeploymentPostprocessing = 0;
		};
		EE61711025D3F77F009D42F8 /* Frameworks */ = {
			isa = PBXFrameworksBuildPhase;
			buildActionMask = 2147483647;
			files = (
			);
			runOnlyForDeploymentPostprocessing = 0;
		};
/* End PBXFrameworksBuildPhase section */

/* Begin PBXGroup section */
		EE6170E925D3F77E009D42F8 = {
			isa = PBXGroup;
			children = (
				EE6170F425D3F77E009D42F8 /* NBApp */,
				EE61710B25D3F77F009D42F8 /* NBAppTests */,
				EE61711625D3F77F009D42F8 /* NBAppUITests */,
				EE6170F325D3F77E009D42F8 /* Products */,
			);
			sourceTree = "<group>";
		};
		EE6170F325D3F77E009D42F8 /* Products */ = {
			isa = PBXGroup;
			children = (
				EE6170F225D3F77E009D42F8 /* NBApp.app */,
				EE61710825D3F77F009D42F8 /* NBAppTests.xctest */,
				EE61711325D3F77F009D42F8 /* NBAppUITests.xctest */,
			);
			name = Products;
			sourceTree = "<group>";
		};
		EE6170F425D3F77E009D42F8 /* NBApp */ = {
			isa = PBXGroup;
			children = (
				EE61716F25D3F813009D42F8 /* Assets.xcassets */,
				EE61713D25D3F793009D42F8 /* Common */,
				EE61714D25D3F793009D42F8 /* Helpers */,
				EE61712825D3F793009D42F8 /* MVVM */,
				EE61713925D3F793009D42F8 /* Resources */,
				EE6170F525D3F77E009D42F8 /* AppDelegate.swift */,
				EE6170FB25D3F77E009D42F8 /* Main.storyboard */,
				EE61710025D3F77F009D42F8 /* LaunchScreen.storyboard */,
				EE61710325D3F77F009D42F8 /* Info.plist */,
			);
			path = NBApp;
			sourceTree = "<group>";
		};
		EE61710B25D3F77F009D42F8 /* NBAppTests */ = {
			isa = PBXGroup;
			children = (
				EE61710C25D3F77F009D42F8 /* NBAppTests.swift */,
				EE61710E25D3F77F009D42F8 /* Info.plist */,
			);
			path = NBAppTests;
			sourceTree = "<group>";
		};
		EE61711625D3F77F009D42F8 /* NBAppUITests */ = {
			isa = PBXGroup;
			children = (
				EE61711725D3F77F009D42F8 /* NBAppUITests.swift */,
				EE61711925D3F77F009D42F8 /* Info.plist */,
			);
			path = NBAppUITests;
			sourceTree = "<group>";
		};
		EE61712825D3F793009D42F8 /* MVVM */ = {
			isa = PBXGroup;
			children = (
				EE61712925D3F793009D42F8 /* ViewModel */,
				EE61712C25D3F793009D42F8 /* Model */,
				EE61712E25D3F793009D42F8 /* View */,
			);
			path = MVVM;
			sourceTree = "<group>";
		};
		EE61712925D3F793009D42F8 /* ViewModel */ = {
			isa = PBXGroup;
			children = (
				EE61712A25D3F793009D42F8 /* TeamListViewModel.swift */,
			);
			path = ViewModel;
			sourceTree = "<group>";
		};
		EE61712C25D3F793009D42F8 /* Model */ = {
			isa = PBXGroup;
			children = (
				EE61712D25D3F793009D42F8 /* TeamModel.swift */,
			);
			path = Model;
			sourceTree = "<group>";
		};
		EE61712E25D3F793009D42F8 /* View */ = {
			isa = PBXGroup;
			children = (
				EE61712F25D3F793009D42F8 /* Cell */,
				EE61713425D3F793009D42F8 /* Common */,
				EE61713625D3F793009D42F8 /* VC */,
			);
			path = View;
			sourceTree = "<group>";
		};
		EE61712F25D3F793009D42F8 /* Cell */ = {
			isa = PBXGroup;
			children = (
				EE61713225D3F793009D42F8 /* TeamCell.xib */,
				EE61713325D3F793009D42F8 /* TeamCell.swift */,
			);
			path = Cell;
			sourceTree = "<group>";
		};
		EE61713425D3F793009D42F8 /* Common */ = {
			isa = PBXGroup;
			children = (
				EE61713525D3F793009D42F8 /* CustomLabel.swift */,
			);
			path = Common;
			sourceTree = "<group>";
		};
		EE61713625D3F793009D42F8 /* VC */ = {
			isa = PBXGroup;
			children = (
				EE61713725D3F793009D42F8 /* TeamListViewController.swift */,
				EE61713825D3F793009D42F8 /* TeamPlayersListViewController.swift */,
			);
			path = VC;
			sourceTree = "<group>";
		};
		EE61713925D3F793009D42F8 /* Resources */ = {
			isa = PBXGroup;
			children = (
				EE61713A25D3F793009D42F8 /* GothamRounded-Medium.otf */,
				EE61713B25D3F793009D42F8 /* GothamRounded-Bold.otf */,
				EE61713C25D3F793009D42F8 /* GothamRounded-Book.otf */,
			);
			path = Resources;
			sourceTree = "<group>";
		};
		EE61713D25D3F793009D42F8 /* Common */ = {
			isa = PBXGroup;
			children = (
				EE61713E25D3F793009D42F8 /* Constants.swift */,
				EE61713F25D3F793009D42F8 /* Utilities.swift */,
				EE61714025D3F793009D42F8 /* Extension */,
				EE61714225D3F793009D42F8 /* Label */,
				EE61714425D3F793009D42F8 /* Reachability.swift */,
				EE61714525D3F793009D42F8 /* Theme */,
				EE61714825D3F793009D42F8 /* Utils.swift */,
				EE61714925D3F793009D42F8 /* Font */,
			);
			path = Common;
			sourceTree = "<group>";
		};
		EE61714025D3F793009D42F8 /* Extension */ = {
			isa = PBXGroup;
			children = (
				EE61714125D3F793009D42F8 /* UIFontExtension.swift */,
			);
			path = Extension;
			sourceTree = "<group>";
		};
		EE61714225D3F793009D42F8 /* Label */ = {
			isa = PBXGroup;
			children = (
				EE61714325D3F793009D42F8 /* CommonLabels.swift */,
			);
			path = Label;
			sourceTree = "<group>";
		};
		EE61714525D3F793009D42F8 /* Theme */ = {
			isa = PBXGroup;
			children = (
				EE61714625D3F793009D42F8 /* Placeholder.swift */,
				EE61714725D3F793009D42F8 /* ThemeUtils.swift */,
			);
			path = Theme;
			sourceTree = "<group>";
		};
		EE61714925D3F793009D42F8 /* Font */ = {
			isa = PBXGroup;
			children = (
				EE61714A25D3F793009D42F8 /* FontConvertible.swift */,
				EE61714B25D3F793009D42F8 /* Fonts.swift */,
				EE61714C25D3F793009D42F8 /* CustomFont.swift */,
			);
			path = Font;
			sourceTree = "<group>";
		};
		EE61714D25D3F793009D42F8 /* Helpers */ = {
			isa = PBXGroup;
			children = (
			);
			path = Helpers;
			sourceTree = "<group>";
		};
/* End PBXGroup section */

/* Begin PBXNativeTarget section */
		EE6170F125D3F77E009D42F8 /* NBApp */ = {
			isa = PBXNativeTarget;
			buildConfigurationList = EE61711C25D3F77F009D42F8 /* Build configuration list for PBXNativeTarget "NBApp" */;
			buildPhases = (
				EE6170EE25D3F77E009D42F8 /* Sources */,
				EE6170EF25D3F77E009D42F8 /* Frameworks */,
				EE6170F025D3F77E009D42F8 /* Resources */,
			);
			buildRules = (
			);
			dependencies = (
			);
			name = NBApp;
			productName = NBApp;
			productReference = EE6170F225D3F77E009D42F8 /* NBApp.app */;
			productType = "com.apple.product-type.application";
		};
		EE61710725D3F77F009D42F8 /* NBAppTests */ = {
			isa = PBXNativeTarget;
			buildConfigurationList = EE61711F25D3F77F009D42F8 /* Build configuration list for PBXNativeTarget "NBAppTests" */;
			buildPhases = (
				EE61710425D3F77F009D42F8 /* Sources */,
				EE61710525D3F77F009D42F8 /* Frameworks */,
				EE61710625D3F77F009D42F8 /* Resources */,
			);
			buildRules = (
			);
			dependencies = (
				EE61710A25D3F77F009D42F8 /* PBXTargetDependency */,
			);
			name = NBAppTests;
			productName = NBAppTests;
			productReference = EE61710825D3F77F009D42F8 /* NBAppTests.xctest */;
			productType = "com.apple.product-type.bundle.unit-test";
		};
		EE61711225D3F77F009D42F8 /* NBAppUITests */ = {
			isa = PBXNativeTarget;
			buildConfigurationList = EE61712225D3F77F009D42F8 /* Build configuration list for PBXNativeTarget "NBAppUITests" */;
			buildPhases = (
				EE61710F25D3F77F009D42F8 /* Sources */,
				EE61711025D3F77F009D42F8 /* Frameworks */,
				EE61711125D3F77F009D42F8 /* Resources */,
			);
			buildRules = (
			);
			dependencies = (
				EE61711525D3F77F009D42F8 /* PBXTargetDependency */,
			);
			name = NBAppUITests;
			productName = NBAppUITests;
			productReference = EE61711325D3F77F009D42F8 /* NBAppUITests.xctest */;
			productType = "com.apple.product-type.bundle.ui-testing";
		};
/* End PBXNativeTarget section */

/* Begin PBXProject section */
		EE6170EA25D3F77E009D42F8 /* Project object */ = {
			isa = PBXProject;
			attributes = {
				LastSwiftUpdateCheck = 1200;
				LastUpgradeCheck = 1200;
				TargetAttributes = {
					EE6170F125D3F77E009D42F8 = {
						CreatedOnToolsVersion = 12.0.1;
					};
					EE61710725D3F77F009D42F8 = {
						CreatedOnToolsVersion = 12.0.1;
						TestTargetID = EE6170F125D3F77E009D42F8;
					};
					EE61711225D3F77F009D42F8 = {
						CreatedOnToolsVersion = 12.0.1;
						TestTargetID = EE6170F125D3F77E009D42F8;
					};
				};
			};
			buildConfigurationList = EE6170ED25D3F77E009D42F8 /* Build configuration list for PBXProject "NBApp" */;
			compatibilityVersion = "Xcode 9.3";
			developmentRegion = en;
			hasScannedForEncodings = 0;
			knownRegions = (
				en,
				Base,
			);
			mainGroup = EE6170E925D3F77E009D42F8;
			productRefGroup = EE6170F325D3F77E009D42F8 /* Products */;
			projectDirPath = "";
			projectRoot = "";
			targets = (
				EE6170F125D3F77E009D42F8 /* NBApp */,
				EE61710725D3F77F009D42F8 /* NBAppTests */,
				EE61711225D3F77F009D42F8 /* NBAppUITests */,
			);
		};
/* End PBXProject section */

/* Begin PBXResourcesBuildPhase section */
		EE6170F025D3F77E009D42F8 /* Resources */ = {
			isa = PBXResourcesBuildPhase;
			buildActionMask = 2147483647;
			files = (
				EE61715A25D3F793009D42F8 /* GothamRounded-Book.otf in Resources */,
				EE61715825D3F793009D42F8 /* GothamRounded-Medium.otf in Resources */,
				EE61715325D3F793009D42F8 /* TeamCell.xib in Resources */,
				EE61715925D3F793009D42F8 /* GothamRounded-Bold.otf in Resources */,
				EE61717025D3F813009D42F8 /* Assets.xcassets in Resources */,
				EE61710225D3F77F009D42F8 /* LaunchScreen.storyboard in Resources */,
				EE6170FD25D3F77E009D42F8 /* Main.storyboard in Resources */,
			);
			runOnlyForDeploymentPostprocessing = 0;
		};
		EE61710625D3F77F009D42F8 /* Resources */ = {
			isa = PBXResourcesBuildPhase;
			buildActionMask = 2147483647;
			files = (
			);
			runOnlyForDeploymentPostprocessing = 0;
		};
		EE61711125D3F77F009D42F8 /* Resources */ = {
			isa = PBXResourcesBuildPhase;
			buildActionMask = 2147483647;
			files = (
			);
			runOnlyForDeploymentPostprocessing = 0;
		};
/* End PBXResourcesBuildPhase section */

/* Begin PBXSourcesBuildPhase section */
		EE6170EE25D3F77E009D42F8 /* Sources */ = {
			isa = PBXSourcesBuildPhase;
			buildActionMask = 2147483647;
			files = (
				EE61715625D3F793009D42F8 /* TeamListViewController.swift in Sources */,
				EE61715D25D3F793009D42F8 /* UIFontExtension.swift in Sources */,
				EE61716325D3F793009D42F8 /* FontConvertible.swift in Sources */,
				EE61715C25D3F793009D42F8 /* Utilities.swift in Sources */,
				EE61715525D3F793009D42F8 /* CustomLabel.swift in Sources */,
				EE61714E25D3F793009D42F8 /* TeamListViewModel.swift in Sources */,
				EE61715F25D3F793009D42F8 /* Reachability.swift in Sources */,
				EE61716425D3F793009D42F8 /* Fonts.swift in Sources */,
				EE61715725D3F793009D42F8 /* TeamPlayersListViewController.swift in Sources */,
				EE61715025D3F793009D42F8 /* TeamModel.swift in Sources */,
				EE6170F625D3F77E009D42F8 /* AppDelegate.swift in Sources */,
				EE61716525D3F793009D42F8 /* CustomFont.swift in Sources */,
				EE61715E25D3F793009D42F8 /* CommonLabels.swift in Sources */,
				EE61715B25D3F793009D42F8 /* Constants.swift in Sources */,
				EE61716225D3F793009D42F8 /* Utils.swift in Sources */,
				EE61716125D3F793009D42F8 /* ThemeUtils.swift in Sources */,
				EE61715425D3F793009D42F8 /* TeamCell.swift in Sources */,
				EE61716025D3F793009D42F8 /* Placeholder.swift in Sources */,
			);
			runOnlyForDeploymentPostprocessing = 0;
		};
		EE61710425D3F77F009D42F8 /* Sources */ = {
			isa = PBXSourcesBuildPhase;
			buildActionMask = 2147483647;
			files = (
				EE61710D25D3F77F009D42F8 /* NBAppTests.swift in Sources */,
			);
			runOnlyForDeploymentPostprocessing = 0;
		};
		EE61710F25D3F77F009D42F8 /* Sources */ = {
			isa = PBXSourcesBuildPhase;
			buildActionMask = 2147483647;
			files = (
				EE61711825D3F77F009D42F8 /* NBAppUITests.swift in Sources */,
			);
			runOnlyForDeploymentPostprocessing = 0;
		};
/* End PBXSourcesBuildPhase section */

/* Begin PBXTargetDependency section */
		EE61710A25D3F77F009D42F8 /* PBXTargetDependency */ = {
			isa = PBXTargetDependency;
			target = EE6170F125D3F77E009D42F8 /* NBApp */;
			targetProxy = EE61710925D3F77F009D42F8 /* PBXContainerItemProxy */;
		};
		EE61711525D3F77F009D42F8 /* PBXTargetDependency */ = {
			isa = PBXTargetDependency;
			target = EE6170F125D3F77E009D42F8 /* NBApp */;
			targetProxy = EE61711425D3F77F009D42F8 /* PBXContainerItemProxy */;
		};
/* End PBXTargetDependency section */

/* Begin PBXVariantGroup section */
		EE6170FB25D3F77E009D42F8 /* Main.storyboard */ = {
			isa = PBXVariantGroup;
			children = (
				EE6170FC25D3F77E009D42F8 /* Base */,
			);
			name = Main.storyboard;
			sourceTree = "<group>";
		};
		EE61710025D3F77F009D42F8 /* LaunchScreen.storyboard */ = {
			isa = PBXVariantGroup;
			children = (
				EE61710125D3F77F009D42F8 /* Base */,
			);
			name = LaunchScreen.storyboard;
			sourceTree = "<group>";
		};
/* End PBXVariantGroup section */

/* Begin XCBuildConfiguration section */
		EE61711A25D3F77F009D42F8 /* Debug */ = {
			isa = XCBuildConfiguration;
			buildSettings = {
				ALWAYS_SEARCH_USER_PATHS = NO;
				CLANG_ANALYZER_NONNULL = YES;
				CLANG_ANALYZER_NUMBER_OBJECT_CONVERSION = YES_AGGRESSIVE;
				CLANG_CXX_LANGUAGE_STANDARD = "gnu++14";
				CLANG_CXX_LIBRARY = "libc++";
				CLANG_ENABLE_MODULES = YES;
				CLANG_ENABLE_OBJC_ARC = YES;
				CLANG_ENABLE_OBJC_WEAK = YES;
				CLANG_WARN_BLOCK_CAPTURE_AUTORELEASING = YES;
				CLANG_WARN_BOOL_CONVERSION = YES;
				CLANG_WARN_COMMA = YES;
				CLANG_WARN_CONSTANT_CONVERSION = YES;
				CLANG_WARN_DEPRECATED_OBJC_IMPLEMENTATIONS = YES;
				CLANG_WARN_DIRECT_OBJC_ISA_USAGE = YES_ERROR;
				CLANG_WARN_DOCUMENTATION_COMMENTS = YES;
				CLANG_WARN_EMPTY_BODY = YES;
				CLANG_WARN_ENUM_CONVERSION = YES;
				CLANG_WARN_INFINITE_RECURSION = YES;
				CLANG_WARN_INT_CONVERSION = YES;
				CLANG_WARN_NON_LITERAL_NULL_CONVERSION = YES;
				CLANG_WARN_OBJC_IMPLICIT_RETAIN_SELF = YES;
				CLANG_WARN_OBJC_LITERAL_CONVERSION = YES;
				CLANG_WARN_OBJC_ROOT_CLASS = YES_ERROR;
				CLANG_WARN_QUOTED_INCLUDE_IN_FRAMEWORK_HEADER = YES;
				CLANG_WARN_RANGE_LOOP_ANALYSIS = YES;
				CLANG_WARN_STRICT_PROTOTYPES = YES;
				CLANG_WARN_SUSPICIOUS_MOVE = YES;
				CLANG_WARN_UNGUARDED_AVAILABILITY = YES_AGGRESSIVE;
				CLANG_WARN_UNREACHABLE_CODE = YES;
				CLANG_WARN__DUPLICATE_METHOD_MATCH = YES;
				COPY_PHASE_STRIP = NO;
				DEBUG_INFORMATION_FORMAT = dwarf;
				ENABLE_STRICT_OBJC_MSGSEND = YES;
				ENABLE_TESTABILITY = YES;
				GCC_C_LANGUAGE_STANDARD = gnu11;
				GCC_DYNAMIC_NO_PIC = NO;
				GCC_NO_COMMON_BLOCKS = YES;
				GCC_OPTIMIZATION_LEVEL = 0;
				GCC_PREPROCESSOR_DEFINITIONS = (
					"DEBUG=1",
					"$(inherited)",
				);
				GCC_WARN_64_TO_32_BIT_CONVERSION = YES;
				GCC_WARN_ABOUT_RETURN_TYPE = YES_ERROR;
				GCC_WARN_UNDECLARED_SELECTOR = YES;
				GCC_WARN_UNINITIALIZED_AUTOS = YES_AGGRESSIVE;
				GCC_WARN_UNUSED_FUNCTION = YES;
				GCC_WARN_UNUSED_VARIABLE = YES;
				IPHONEOS_DEPLOYMENT_TARGET = 14.0;
				MTL_ENABLE_DEBUG_INFO = INCLUDE_SOURCE;
				MTL_FAST_MATH = YES;
				ONLY_ACTIVE_ARCH = YES;
				SDKROOT = iphoneos;
				SWIFT_ACTIVE_COMPILATION_CONDITIONS = DEBUG;
				SWIFT_OPTIMIZATION_LEVEL = "-Onone";
			};
			name = Debug;
		};
		EE61711B25D3F77F009D42F8 /* Release */ = {
			isa = XCBuildConfiguration;
			buildSettings = {
				ALWAYS_SEARCH_USER_PATHS = NO;
				CLANG_ANALYZER_NONNULL = YES;
				CLANG_ANALYZER_NUMBER_OBJECT_CONVERSION = YES_AGGRESSIVE;
				CLANG_CXX_LANGUAGE_STANDARD = "gnu++14";
				CLANG_CXX_LIBRARY = "libc++";
				CLANG_ENABLE_MODULES = YES;
				CLANG_ENABLE_OBJC_ARC = YES;
				CLANG_ENABLE_OBJC_WEAK = YES;
				CLANG_WARN_BLOCK_CAPTURE_AUTORELEASING = YES;
				CLANG_WARN_BOOL_CONVERSION = YES;
				CLANG_WARN_COMMA = YES;
				CLANG_WARN_CONSTANT_CONVERSION = YES;
				CLANG_WARN_DEPRECATED_OBJC_IMPLEMENTATIONS = YES;
				CLANG_WARN_DIRECT_OBJC_ISA_USAGE = YES_ERROR;
				CLANG_WARN_DOCUMENTATION_COMMENTS = YES;
				CLANG_WARN_EMPTY_BODY = YES;
				CLANG_WARN_ENUM_CONVERSION = YES;
				CLANG_WARN_INFINITE_RECURSION = YES;
				CLANG_WARN_INT_CONVERSION = YES;
				CLANG_WARN_NON_LITERAL_NULL_CONVERSION = YES;
				CLANG_WARN_OBJC_IMPLICIT_RETAIN_SELF = YES;
				CLANG_WARN_OBJC_LITERAL_CONVERSION = YES;
				CLANG_WARN_OBJC_ROOT_CLASS = YES_ERROR;
				CLANG_WARN_QUOTED_INCLUDE_IN_FRAMEWORK_HEADER = YES;
				CLANG_WARN_RANGE_LOOP_ANALYSIS = YES;
				CLANG_WARN_STRICT_PROTOTYPES = YES;
				CLANG_WARN_SUSPICIOUS_MOVE = YES;
				CLANG_WARN_UNGUARDED_AVAILABILITY = YES_AGGRESSIVE;
				CLANG_WARN_UNREACHABLE_CODE = YES;
				CLANG_WARN__DUPLICATE_METHOD_MATCH = YES;
				COPY_PHASE_STRIP = NO;
				DEBUG_INFORMATION_FORMAT = "dwarf-with-dsym";
				ENABLE_NS_ASSERTIONS = NO;
				ENABLE_STRICT_OBJC_MSGSEND = YES;
				GCC_C_LANGUAGE_STANDARD = gnu11;
				GCC_NO_COMMON_BLOCKS = YES;
				GCC_WARN_64_TO_32_BIT_CONVERSION = YES;
				GCC_WARN_ABOUT_RETURN_TYPE = YES_ERROR;
				GCC_WARN_UNDECLARED_SELECTOR = YES;
				GCC_WARN_UNINITIALIZED_AUTOS = YES_AGGRESSIVE;
				GCC_WARN_UNUSED_FUNCTION = YES;
				GCC_WARN_UNUSED_VARIABLE = YES;
				IPHONEOS_DEPLOYMENT_TARGET = 14.0;
				MTL_ENABLE_DEBUG_INFO = NO;
				MTL_FAST_MATH = YES;
				SDKROOT = iphoneos;
				SWIFT_COMPILATION_MODE = wholemodule;
				SWIFT_OPTIMIZATION_LEVEL = "-O";
				VALIDATE_PRODUCT = YES;
			};
			name = Release;
		};
		EE61711D25D3F77F009D42F8 /* Debug */ = {
			isa = XCBuildConfiguration;
			buildSettings = {
				ASSETCATALOG_COMPILER_APPICON_NAME = AppIcon;
				ASSETCATALOG_COMPILER_GLOBAL_ACCENT_COLOR_NAME = AccentColor;
				CODE_SIGN_STYLE = Automatic;
				DEVELOPMENT_TEAM = J7BFLD66KP;
				INFOPLIST_FILE = NBApp/Info.plist;
				IPHONEOS_DEPLOYMENT_TARGET = 11.0;
				LD_RUNPATH_SEARCH_PATHS = (
					"$(inherited)",
					"@executable_path/Frameworks",
				);
				PRODUCT_BUNDLE_IDENTIFIER = cloud.doadoa.nbatest.NBApp;
				PRODUCT_NAME = "$(TARGET_NAME)";
				SWIFT_VERSION = 5.0;
				TARGETED_DEVICE_FAMILY = "1,2";
			};
			name = Debug;
		};
		EE61711E25D3F77F009D42F8 /* Release */ = {
			isa = XCBuildConfiguration;
			buildSettings = {
				ASSETCATALOG_COMPILER_APPICON_NAME = AppIcon;
				ASSETCATALOG_COMPILER_GLOBAL_ACCENT_COLOR_NAME = AccentColor;
				CODE_SIGN_STYLE = Automatic;
				DEVELOPMENT_TEAM = J7BFLD66KP;
				INFOPLIST_FILE = NBApp/Info.plist;
				IPHONEOS_DEPLOYMENT_TARGET = 11.0;
				LD_RUNPATH_SEARCH_PATHS = (
					"$(inherited)",
					"@executable_path/Frameworks",
				);
				PRODUCT_BUNDLE_IDENTIFIER = cloud.doadoa.nbatest.NBApp;
				PRODUCT_NAME = "$(TARGET_NAME)";
				SWIFT_VERSION = 5.0;
				TARGETED_DEVICE_FAMILY = "1,2";
			};
			name = Release;
		};
		EE61712025D3F77F009D42F8 /* Debug */ = {
			isa = XCBuildConfiguration;
			buildSettings = {
				ALWAYS_EMBED_SWIFT_STANDARD_LIBRARIES = YES;
				BUNDLE_LOADER = "$(TEST_HOST)";
				CODE_SIGN_STYLE = Automatic;
				DEVELOPMENT_TEAM = J7BFLD66KP;
				INFOPLIST_FILE = NBAppTests/Info.plist;
				IPHONEOS_DEPLOYMENT_TARGET = 14.0;
				LD_RUNPATH_SEARCH_PATHS = (
					"$(inherited)",
					"@executable_path/Frameworks",
					"@loader_path/Frameworks",
				);
				PRODUCT_BUNDLE_IDENTIFIER = cloud.doadoa.nbatest.NBAppTests;
				PRODUCT_NAME = "$(TARGET_NAME)";
				SWIFT_VERSION = 5.0;
				TARGETED_DEVICE_FAMILY = "1,2";
				TEST_HOST = "$(BUILT_PRODUCTS_DIR)/NBApp.app/NBApp";
			};
			name = Debug;
		};
		EE61712125D3F77F009D42F8 /* Release */ = {
			isa = XCBuildConfiguration;
			buildSettings = {
				ALWAYS_EMBED_SWIFT_STANDARD_LIBRARIES = YES;
				BUNDLE_LOADER = "$(TEST_HOST)";
				CODE_SIGN_STYLE = Automatic;
				DEVELOPMENT_TEAM = J7BFLD66KP;
				INFOPLIST_FILE = NBAppTests/Info.plist;
				IPHONEOS_DEPLOYMENT_TARGET = 14.0;
				LD_RUNPATH_SEARCH_PATHS = (
					"$(inherited)",
					"@executable_path/Frameworks",
					"@loader_path/Frameworks",
				);
				PRODUCT_BUNDLE_IDENTIFIER = cloud.doadoa.nbatest.NBAppTests;
				PRODUCT_NAME = "$(TARGET_NAME)";
				SWIFT_VERSION = 5.0;
				TARGETED_DEVICE_FAMILY = "1,2";
				TEST_HOST = "$(BUILT_PRODUCTS_DIR)/NBApp.app/NBApp";
			};
			name = Release;
		};
		EE61712325D3F77F009D42F8 /* Debug */ = {
			isa = XCBuildConfiguration;
			buildSettings = {
				ALWAYS_EMBED_SWIFT_STANDARD_LIBRARIES = YES;
				CODE_SIGN_STYLE = Automatic;
				DEVELOPMENT_TEAM = J7BFLD66KP;
				INFOPLIST_FILE = NBAppUITests/Info.plist;
				LD_RUNPATH_SEARCH_PATHS = (
					"$(inherited)",
					"@executable_path/Frameworks",
					"@loader_path/Frameworks",
				);
				PRODUCT_BUNDLE_IDENTIFIER = cloud.doadoa.nbatest.NBAppUITests;
				PRODUCT_NAME = "$(TARGET_NAME)";
				SWIFT_VERSION = 5.0;
				TARGETED_DEVICE_FAMILY = "1,2";
				TEST_TARGET_NAME = NBApp;
			};
			name = Debug;
		};
		EE61712425D3F77F009D42F8 /* Release */ = {
			isa = XCBuildConfiguration;
			buildSettings = {
				ALWAYS_EMBED_SWIFT_STANDARD_LIBRARIES = YES;
				CODE_SIGN_STYLE = Automatic;
				DEVELOPMENT_TEAM = J7BFLD66KP;
				INFOPLIST_FILE = NBAppUITests/Info.plist;
				LD_RUNPATH_SEARCH_PATHS = (
					"$(inherited)",
					"@executable_path/Frameworks",
					"@loader_path/Frameworks",
				);
				PRODUCT_BUNDLE_IDENTIFIER = cloud.doadoa.nbatest.NBAppUITests;
				PRODUCT_NAME = "$(TARGET_NAME)";
				SWIFT_VERSION = 5.0;
				TARGETED_DEVICE_FAMILY = "1,2";
				TEST_TARGET_NAME = NBApp;
			};
			name = Release;
		};
/* End XCBuildConfiguration section */

/* Begin XCConfigurationList section */
		EE6170ED25D3F77E009D42F8 /* Build configuration list for PBXProject "NBApp" */ = {
			isa = XCConfigurationList;
			buildConfigurations = (
				EE61711A25D3F77F009D42F8 /* Debug */,
				EE61711B25D3F77F009D42F8 /* Release */,
			);
			defaultConfigurationIsVisible = 0;
			defaultConfigurationName = Release;
		};
		EE61711C25D3F77F009D42F8 /* Build configuration list for PBXNativeTarget "NBApp" */ = {
			isa = XCConfigurationList;
			buildConfigurations = (
				EE61711D25D3F77F009D42F8 /* Debug */,
				EE61711E25D3F77F009D42F8 /* Release */,
			);
			defaultConfigurationIsVisible = 0;
			defaultConfigurationName = Release;
		};
		EE61711F25D3F77F009D42F8 /* Build configuration list for PBXNativeTarget "NBAppTests" */ = {
			isa = XCConfigurationList;
			buildConfigurations = (
				EE61712025D3F77F009D42F8 /* Debug */,
				EE61712125D3F77F009D42F8 /* Release */,
			);
			defaultConfigurationIsVisible = 0;
			defaultConfigurationName = Release;
		};
		EE61712225D3F77F009D42F8 /* Build configuration list for PBXNativeTarget "NBAppUITests" */ = {
			isa = XCConfigurationList;
			buildConfigurations = (
				EE61712325D3F77F009D42F8 /* Debug */,
				EE61712425D3F77F009D42F8 /* Release */,
			);
			defaultConfigurationIsVisible = 0;
			defaultConfigurationName = Release;
		};
/* End XCConfigurationList section */
	};
	rootObject = EE6170EA25D3F77E009D42F8 /* Project object */;
}
